
Microsoft Visual Studio Solution File, Format Version 12.00
# Visual Studio Version 16
VisualStudioVersion = 16.0.29020.237
MinimumVisualStudioVersion = 10.0.40219.1
Project("{FAE04EC0-301F-11D3-BF4B-00C04F79EFBC}") = "Site.Cemig.DPRST", "Site.Cemig.DPRST\Site.Cemig.DPRST.csproj", "{40EBBB77-034F-4DE0-AFA4-97ECF20FCAAA}"
EndProject
Global
	GlobalSection(SolutionConfigurationPlatforms) = preSolution
		Debug|Any CPU = Debug|Any CPU
		Release|Any CPU = Release|Any CPU
	EndGlobalSection
	GlobalSection(ProjectConfigurationPlatforms) = postSolution
		{40EBBB77-034F-4DE0-AFA4-97ECF20FCAAA}.Debug|Any CPU.ActiveCfg = Debug|Any CPU
		{40EBBB77-034F-4DE0-AFA4-97ECF20FCAAA}.Debug|Any CPU.Build.0 = Debug|Any CPU
		{40EBBB77-034F-4DE0-AFA4-97ECF20FCAAA}.Release|Any CPU.ActiveCfg = Release|Any CPU
		{40EBBB77-034F-4DE0-AFA4-97ECF20FCAAA}.Release|Any CPU.Build.0 = Release|Any CPU
	EndGlobalSection
	GlobalSection(SolutionProperties) = preSolution
		HideSolutionNode = FALSE
	EndGlobalSection
	GlobalSection(ExtensibilityGlobals) = postSolution
		SolutionGuid = {9868D766-BBC7-4395-B83E-DF9BA7CBA65D}
	EndGlobalSection
EndGlobal
